
Microsoft Visual Studio Solution File, Format Version 12.00
# Visual Studio Version 16
VisualStudioVersion = 16.0.31729.503
MinimumVisualStudioVersion = 10.0.40219.1
Project("{FAE04EC0-301F-11D3-BF4B-00C04F79EFBC}") = "StopWatch", "StopWatch\StopWatch.csproj", "{06CB368F-8985-45E8-8652-12D4241D82DC}"
EndProject
Global
	GlobalSection(SolutionConfigurationPlatforms) = preSolution
		Debug|Any CPU = Debug|Any CPU
		Release|Any CPU = Release|Any CPU
	EndGlobalSection
	GlobalSection(ProjectConfigurationPlatforms) = postSolution
		{06CB368F-8985-45E8-8652-12D4241D82DC}.Debug|Any CPU.ActiveCfg = Debug|Any CPU
		{06CB368F-8985-45E8-8652-12D4241D82DC}.Debug|Any CPU.Build.0 = Debug|Any CPU
		{06CB368F-8985-45E8-8652-12D4241D82DC}.Release|Any CPU.ActiveCfg = Release|Any CPU
		{06CB368F-8985-45E8-8652-12D4241D82DC}.Release|Any CPU.Build.0 = Release|Any CPU
	EndGlobalSection
	GlobalSection(SolutionProperties) = preSolution
		HideSolutionNode = FALSE
	EndGlobalSection
	GlobalSection(ExtensibilityGlobals) = postSolution
		SolutionGuid = {C84B233E-D90A-4E85-AE69-5CCF8FEF8018}
	EndGlobalSection
EndGlobal
